{
  "name": "typescript-package-id-merge-repro",
  "version": "1.0.0",
  "lockfileVersion": 2,
  "requires": true,
  "packages": {
    "": {
      "name": "typescript-package-id-merge-repro",
      "version": "1.0.0",
      "license": "ISC",
      "dependencies": {
        "@renke/vommer": "^0.2.0",
        "immer": "^9.0.12",
        "zod": "^3.11.6"
      },
      "devDependencies": {
        "typescript": "^4.6.0-beta"
      }
    },
    "node_modules/@renke/vo": {
      "version": "0.2.0",
      "resolved": "https://registry.npmjs.org/@renke/vo/-/vo-0.2.0.tgz",
      "integrity": "sha512-O7QVvACMzX+RcYPdpOZFdE6WIU70ToIfHUusc7iE0JucTDAhexTJr5O0f9fjAvI6Tv7+dKRW1W8QhJnW/vejaA=="
    },
    "node_modules/@renke/vod": {
      "version": "0.2.0",
      "resolved": "https://registry.npmjs.org/@renke/vod/-/vod-0.2.0.tgz",
      "integrity": "sha512-33ZlRZtHzYe3pR+ZxePL0sAP35EGQoT08avXuZg3Sa3Zdk3FyMCcwEmV9QOXozpen+FIU/OAKTWiRTOKXDB8kQ==",
      "dependencies": {
        "@renke/vo": "^0.2.0"
      },
      "peerDependencies": {
        "zod": "^3.11.6"
      }
    },
    "node_modules/@renke/vommer": {
      "version": "0.2.0",
      "resolved": "https://registry.npmjs.org/@renke/vommer/-/vommer-0.2.0.tgz",
      "integrity": "sha512-lDveA3L0YoO0zo0+DalzKtfNlZFhgn6AhGVbhqLr96RPCjDtEVHN9sNRg1lHeEULSo7tVSy7CQYgu+rjJoXkcg==",
      "dependencies": {
        "@renke/vo": "^0.2.0",
        "@renke/vod": "^0.2.0",
        "zod": "^3.11.6"
      },
      "peerDependencies": {
        "immer": "^9.0.5",
        "zod": "^3.5.0"
      }
    },
    "node_modules/immer": {
      "version": "9.0.12",
      "resolved": "https://registry.npmjs.org/immer/-/immer-9.0.12.tgz",
      "integrity": "sha512-lk7UNmSbAukB5B6dh9fnh5D0bJTOFKxVg2cyJWTYrWRfhLrLMBquONcUs3aFq507hNoIZEDDh8lb8UtOizSMhA==",
      "funding": {
        "type": "opencollective",
        "url": "https://opencollective.com/immer"
      }
    },
    "node_modules/typescript": {
      "version": "4.6.0-dev.20220130",
      "resolved": "https://registry.npmjs.org/typescript/-/typescript-4.6.0-dev.20220130.tgz",
      "integrity": "sha512-0qyAS6SDfC9+gVdCI4KUyfEtrG0sLpnHEudBnIr2TwtBh9QiBagmS+Ljx+/YDpMVgZXRZ9Otw37G1b922NtodA==",
      "dev": true,
      "bin": {
        "tsc": "bin/tsc",
        "tsserver": "bin/tsserver"
      },
      "engines": {
        "node": ">=4.2.0"
      }
    },
    "node_modules/zod": {
      "version": "3.11.6",
      "resolved": "https://registry.npmjs.org/zod/-/zod-3.11.6.tgz",
      "integrity": "sha512-daZ80A81I3/9lIydI44motWe6n59kRBfNzTuS2bfzVh1nAXi667TOTWWtatxyG+fwgNUiagSj/CWZwRRbevJIg==",
      "funding": {
        "url": "https://github.com/sponsors/colinhacks"
      }
    }
  },
  "dependencies": {
    "@renke/vo": {
      "version": "0.2.0",
      "resolved": "https://registry.npmjs.org/@renke/vo/-/vo-0.2.0.tgz",
      "integrity": "sha512-O7QVvACMzX+RcYPdpOZFdE6WIU70ToIfHUusc7iE0JucTDAhexTJr5O0f9fjAvI6Tv7+dKRW1W8QhJnW/vejaA=="
    },
    "@renke/vod": {
      "version": "0.2.0",
      "resolved": "https://registry.npmjs.org/@renke/vod/-/vod-0.2.0.tgz",
      "integrity": "sha512-33ZlRZtHzYe3pR+ZxePL0sAP35EGQoT08avXuZg3Sa3Zdk3FyMCcwEmV9QOXozpen+FIU/OAKTWiRTOKXDB8kQ==",
      "requires": {
        "@renke/vo": "^0.2.0"
      }
    },
    "@renke/vommer": {
      "version": "0.2.0",
      "resolved": "https://registry.npmjs.org/@renke/vommer/-/vommer-0.2.0.tgz",
      "integrity": "sha512-lDveA3L0YoO0zo0+DalzKtfNlZFhgn6AhGVbhqLr96RPCjDtEVHN9sNRg1lHeEULSo7tVSy7CQYgu+rjJoXkcg==",
      "requires": {
        "@renke/vo": "^0.2.0",
        "@renke/vod": "^0.2.0",
        "zod": "^3.11.6"
      }
    },
    "immer": {
      "version": "9.0.12",
      "resolved": "https://registry.npmjs.org/immer/-/immer-9.0.12.tgz",
      "integrity": "sha512-lk7UNmSbAukB5B6dh9fnh5D0bJTOFKxVg2cyJWTYrWRfhLrLMBquONcUs3aFq507hNoIZEDDh8lb8UtOizSMhA=="
    },
    "typescript": {
      "version": "4.6.0-dev.20220130",
      "resolved": "https://registry.npmjs.org/typescript/-/typescript-4.6.0-dev.20220130.tgz",
      "integrity": "sha512-0qyAS6SDfC9+gVdCI4KUyfEtrG0sLpnHEudBnIr2TwtBh9QiBagmS+Ljx+/YDpMVgZXRZ9Otw37G1b922NtodA==",
      "dev": true
    },
    "zod": {
      "version": "3.11.6",
      "resolved": "https://registry.npmjs.org/zod/-/zod-3.11.6.tgz",
      "integrity": "sha512-daZ80A81I3/9lIydI44motWe6n59kRBfNzTuS2bfzVh1nAXi667TOTWWtatxyG+fwgNUiagSj/CWZwRRbevJIg=="
    }
  }
}
