# THIS IS AN AUTOGENERATED FILE. DO NOT EDIT THIS FILE DIRECTLY.
# yarn lockfile v1


"@renke/vo@^0.2.0":
  version "0.2.0"
  resolved "https://registry.yarnpkg.com/@renke/vo/-/vo-0.2.0.tgz#50f536663938a195e27bc30362e56ba902beb12b"
  integrity sha512-O7QVvACMzX+RcYPdpOZFdE6WIU70ToIfHUusc7iE0JucTDAhexTJr5O0f9fjAvI6Tv7+dKRW1W8QhJnW/vejaA==

"@renke/vod@^0.2.0":
  version "0.2.0"
  resolved "https://registry.yarnpkg.com/@renke/vod/-/vod-0.2.0.tgz#3132752e2710bded1eb88d9f8de9573ee4ac1254"
  integrity sha512-33ZlRZtHzYe3pR+ZxePL0sAP35EGQoT08avXuZg3Sa3Zdk3FyMCcwEmV9QOXozpen+FIU/OAKTWiRTOKXDB8kQ==
  dependencies:
    "@renke/vo" "^0.2.0"

"@renke/vommer@^0.2.0":
  version "0.2.0"
  resolved "https://registry.yarnpkg.com/@renke/vommer/-/vommer-0.2.0.tgz#82e0f6e73e54690e0cba5b539c3e0c8ee712d3a8"
  integrity sha512-lDveA3L0YoO0zo0+DalzKtfNlZFhgn6AhGVbhqLr96RPCjDtEVHN9sNRg1lHeEULSo7tVSy7CQYgu+rjJoXkcg==
  dependencies:
    "@renke/vo" "^0.2.0"
    "@renke/vod" "^0.2.0"
    zod "^3.11.6"

immer@^9.0.12:
  version "9.0.12"
  resolved "https://registry.yarnpkg.com/immer/-/immer-9.0.12.tgz#2d33ddf3ee1d247deab9d707ca472c8c942a0f20"
  integrity sha512-lk7UNmSbAukB5B6dh9fnh5D0bJTOFKxVg2cyJWTYrWRfhLrLMBquONcUs3aFq507hNoIZEDDh8lb8UtOizSMhA==

typescript@^4.6.0-beta:
  version "4.6.0-dev.20220130"
  resolved "https://registry.yarnpkg.com/typescript/-/typescript-4.6.0-dev.20220130.tgz#87b0dfc5f9ba36b4cdac085fd1637afbdfdaaa10"
  integrity sha512-0qyAS6SDfC9+gVdCI4KUyfEtrG0sLpnHEudBnIr2TwtBh9QiBagmS+Ljx+/YDpMVgZXRZ9Otw37G1b922NtodA==

zod@^3.11.6:
  version "3.11.6"
  resolved "https://registry.yarnpkg.com/zod/-/zod-3.11.6.tgz#e43a5e0c213ae2e02aefe7cb2b1a6fa3d7f1f483"
  integrity sha512-daZ80A81I3/9lIydI44motWe6n59kRBfNzTuS2bfzVh1nAXi667TOTWWtatxyG+fwgNUiagSj/CWZwRRbevJIg==
